
Microsoft Visual Studio Solution File, Format Version 12.00
# Visual Studio Version 17
VisualStudioVersion = 17.6.33815.320
MinimumVisualStudioVersion = 10.0.40219.1
Project("{FAE04EC0-301F-11D3-BF4B-00C04F79EFBC}") = "Fibonacci", "Fibonacci\Fibonacci.csproj", "{2AB8C68D-4FA6-4920-AB9A-04760E185A69}"
EndProject
Project("{FAE04EC0-301F-11D3-BF4B-00C04F79EFBC}") = "FibonacciTests", "FibonacciTests\FibonacciTests.csproj", "{07F54292-E6C7-4771-AB7C-F4B70FC591DF}"
EndProject
Global
	GlobalSection(SolutionConfigurationPlatforms) = preSolution
		Debug|Any CPU = Debug|Any CPU
		Release|Any CPU = Release|Any CPU
	EndGlobalSection
	GlobalSection(ProjectConfigurationPlatforms) = postSolution
		{2AB8C68D-4FA6-4920-AB9A-04760E185A69}.Debug|Any CPU.ActiveCfg = Debug|Any CPU
		{2AB8C68D-4FA6-4920-AB9A-04760E185A69}.Debug|Any CPU.Build.0 = Debug|Any CPU
		{2AB8C68D-4FA6-4920-AB9A-04760E185A69}.Release|Any CPU.ActiveCfg = Release|Any CPU
		{2AB8C68D-4FA6-4920-AB9A-04760E185A69}.Release|Any CPU.Build.0 = Release|Any CPU
		{07F54292-E6C7-4771-AB7C-F4B70FC591DF}.Debug|Any CPU.ActiveCfg = Debug|Any CPU
		{07F54292-E6C7-4771-AB7C-F4B70FC591DF}.Debug|Any CPU.Build.0 = Debug|Any CPU
		{07F54292-E6C7-4771-AB7C-F4B70FC591DF}.Release|Any CPU.ActiveCfg = Release|Any CPU
		{07F54292-E6C7-4771-AB7C-F4B70FC591DF}.Release|Any CPU.Build.0 = Release|Any CPU
	EndGlobalSection
	GlobalSection(SolutionProperties) = preSolution
		HideSolutionNode = FALSE
	EndGlobalSection
	GlobalSection(ExtensibilityGlobals) = postSolution
		SolutionGuid = {16DF9ED2-42F5-4F93-9464-CE64D2D3FEDB}
	EndGlobalSection
EndGlobal
